// !$*UTF8*$!
{
	archiveVersion = 1;
	classes = {
	};
	objectVersion = 46;
	objects = {

/* Begin PBXBuildFile section */
		78634A261A41970B00CFCE23 /* main.m in Sources */ = {isa = PBXBuildFile; fileRef = 78634A251A41970B00CFCE23 /* main.m */; };
		78634A291A41970B00CFCE23 /* AppDelegate.m in Sources */ = {isa = PBXBuildFile; fileRef = 78634A281A41970B00CFCE23 /* AppDelegate.m */; };
		78634A311A41970B00CFCE23 /* Images.xcassets in Resources */ = {isa = PBXBuildFile; fileRef = 78634A301A41970B00CFCE23 /* Images.xcassets */; };
		78634A401A41970B00CFCE23 /* HamburgerSliderTests.m in Sources */ = {isa = PBXBuildFile; fileRef = 78634A3F1A41970B00CFCE23 /* HamburgerSliderTests.m */; };
		78634A4B1A41973D00CFCE23 /* ZHamburgerSliderViewController.m in Sources */ = {isa = PBXBuildFile; fileRef = 78634A4A1A41973D00CFCE23 /* ZHamburgerSliderViewController.m */; };
/* End PBXBuildFile section */

/* Begin PBXContainerItemProxy section */
		78634A3A1A41970B00CFCE23 /* PBXContainerItemProxy */ = {
			isa = PBXContainerItemProxy;
			containerPortal = 78634A181A41970B00CFCE23 /* Project object */;
			proxyType = 1;
			remoteGlobalIDString = 78634A1F1A41970B00CFCE23;
			remoteInfo = HamburgerSlider;
		};
/* End PBXContainerItemProxy section */

/* Begin PBXFileReference section */
		78634A201A41970B00CFCE23 /* HamburgerSlider.app */ = {isa = PBXFileReference; explicitFileType = wrapper.application; includeInIndex = 0; path = HamburgerSlider.app; sourceTree = BUILT_PRODUCTS_DIR; };
		78634A241A41970B00CFCE23 /* Info.plist */ = {isa = PBXFileReference; lastKnownFileType = text.plist.xml; path = Info.plist; sourceTree = "<group>"; };
		78634A251A41970B00CFCE23 /* main.m */ = {isa = PBXFileReference; lastKnownFileType = sourcecode.c.objc; path = main.m; sourceTree = "<group>"; };
		78634A271A41970B00CFCE23 /* AppDelegate.h */ = {isa = PBXFileReference; lastKnownFileType = sourcecode.c.h; path = AppDelegate.h; sourceTree = "<group>"; };
		78634A281A41970B00CFCE23 /* AppDelegate.m */ = {isa = PBXFileReference; lastKnownFileType = sourcecode.c.objc; path = AppDelegate.m; sourceTree = "<group>"; };
		78634A301A41970B00CFCE23 /* Images.xcassets */ = {isa = PBXFileReference; lastKnownFileType = folder.assetcatalog; path = Images.xcassets; sourceTree = "<group>"; };
		78634A391A41970B00CFCE23 /* HamburgerSliderTests.xctest */ = {isa = PBXFileReference; explicitFileType = wrapper.cfbundle; includeInIndex = 0; path = HamburgerSliderTests.xctest; sourceTree = BUILT_PRODUCTS_DIR; };
		78634A3E1A41970B00CFCE23 /* Info.plist */ = {isa = PBXFileReference; lastKnownFileType = text.plist.xml; path = Info.plist; sourceTree = "<group>"; };
		78634A3F1A41970B00CFCE23 /* HamburgerSliderTests.m */ = {isa = PBXFileReference; lastKnownFileType = sourcecode.c.objc; path = HamburgerSliderTests.m; sourceTree = "<group>"; };
		78634A491A41973D00CFCE23 /* ZHamburgerSliderViewController.h */ = {isa = PBXFileReference; fileEncoding = 4; lastKnownFileType = sourcecode.c.h; name = ZHamburgerSliderViewController.h; path = ../ZHamburgerSliderViewController.h; sourceTree = "<group>"; };
		78634A4A1A41973D00CFCE23 /* ZHamburgerSliderViewController.m */ = {isa = PBXFileReference; fileEncoding = 4; lastKnownFileType = sourcecode.c.objc; name = ZHamburgerSliderViewController.m; path = ../ZHamburgerSliderViewController.m; sourceTree = "<group>"; };
/* End PBXFileReference section */

/* Begin PBXFrameworksBuildPhase section */
		78634A1D1A41970B00CFCE23 /* Frameworks */ = {
			isa = PBXFrameworksBuildPhase;
			buildActionMask = 2147483647;
			files = (
			);
			runOnlyForDeploymentPostprocessing = 0;
		};
		78634A361A41970B00CFCE23 /* Frameworks */ = {
			isa = PBXFrameworksBuildPhase;
			buildActionMask = 2147483647;
			files = (
			);
			runOnlyForDeploymentPostprocessing = 0;
		};
/* End PBXFrameworksBuildPhase section */

/* Begin PBXGroup section */
		78634A171A41970B00CFCE23 = {
			isa = PBXGroup;
			children = (
				78634A221A41970B00CFCE23 /* HamburgerSlider */,
				78634A3C1A41970B00CFCE23 /* HamburgerSliderTests */,
				78634A211A41970B00CFCE23 /* Products */,
			);
			sourceTree = "<group>";
		};
		78634A211A41970B00CFCE23 /* Products */ = {
			isa = PBXGroup;
			children = (
				78634A201A41970B00CFCE23 /* HamburgerSlider.app */,
				78634A391A41970B00CFCE23 /* HamburgerSliderTests.xctest */,
			);
			name = Products;
			sourceTree = "<group>";
		};
		78634A221A41970B00CFCE23 /* HamburgerSlider */ = {
			isa = PBXGroup;
			children = (
				78634A271A41970B00CFCE23 /* AppDelegate.h */,
				78634A281A41970B00CFCE23 /* AppDelegate.m */,
				78634A491A41973D00CFCE23 /* ZHamburgerSliderViewController.h */,
				78634A4A1A41973D00CFCE23 /* ZHamburgerSliderViewController.m */,
				78634A301A41970B00CFCE23 /* Images.xcassets */,
				78634A231A41970B00CFCE23 /* Supporting Files */,
			);
			path = HamburgerSlider;
			sourceTree = "<group>";
		};
		78634A231A41970B00CFCE23 /* Supporting Files */ = {
			isa = PBXGroup;
			children = (
				78634A241A41970B00CFCE23 /* Info.plist */,
				78634A251A41970B00CFCE23 /* main.m */,
			);
			name = "Supporting Files";
			sourceTree = "<group>";
		};
		78634A3C1A41970B00CFCE23 /* HamburgerSliderTests */ = {
			isa = PBXGroup;
			children = (
				78634A3F1A41970B00CFCE23 /* HamburgerSliderTests.m */,
				78634A3D1A41970B00CFCE23 /* Supporting Files */,
			);
			path = HamburgerSliderTests;
			sourceTree = "<group>";
		};
		78634A3D1A41970B00CFCE23 /* Supporting Files */ = {
			isa = PBXGroup;
			children = (
				78634A3E1A41970B00CFCE23 /* Info.plist */,
			);
			name = "Supporting Files";
			sourceTree = "<group>";
		};
/* End PBXGroup section */

/* Begin PBXNativeTarget section */
		78634A1F1A41970B00CFCE23 /* HamburgerSlider */ = {
			isa = PBXNativeTarget;
			buildConfigurationList = 78634A431A41970B00CFCE23 /* Build configuration list for PBXNativeTarget "HamburgerSlider" */;
			buildPhases = (
				78634A1C1A41970B00CFCE23 /* Sources */,
				78634A1D1A41970B00CFCE23 /* Frameworks */,
				78634A1E1A41970B00CFCE23 /* Resources */,
			);
			buildRules = (
			);
			dependencies = (
			);
			name = HamburgerSlider;
			productName = HamburgerSlider;
			productReference = 78634A201A41970B00CFCE23 /* HamburgerSlider.app */;
			productType = "com.apple.product-type.application";
		};
		78634A381A41970B00CFCE23 /* HamburgerSliderTests */ = {
			isa = PBXNativeTarget;
			buildConfigurationList = 78634A461A41970B00CFCE23 /* Build configuration list for PBXNativeTarget "HamburgerSliderTests" */;
			buildPhases = (
				78634A351A41970B00CFCE23 /* Sources */,
				78634A361A41970B00CFCE23 /* Frameworks */,
				78634A371A41970B00CFCE23 /* Resources */,
			);
			buildRules = (
			);
			dependencies = (
				78634A3B1A41970B00CFCE23 /* PBXTargetDependency */,
			);
			name = HamburgerSliderTests;
			productName = HamburgerSliderTests;
			productReference = 78634A391A41970B00CFCE23 /* HamburgerSliderTests.xctest */;
			productType = "com.apple.product-type.bundle.unit-test";
		};
/* End PBXNativeTarget section */

/* Begin PBXProject section */
		78634A181A41970B00CFCE23 /* Project object */ = {
			isa = PBXProject;
			attributes = {
				LastUpgradeCheck = 0610;
				ORGANIZATIONNAME = "Allen Lee I";
				TargetAttributes = {
					78634A1F1A41970B00CFCE23 = {
						CreatedOnToolsVersion = 6.1;
					};
					78634A381A41970B00CFCE23 = {
						CreatedOnToolsVersion = 6.1;
						TestTargetID = 78634A1F1A41970B00CFCE23;
					};
				};
			};
			buildConfigurationList = 78634A1B1A41970B00CFCE23 /* Build configuration list for PBXProject "HamburgerSlider" */;
			compatibilityVersion = "Xcode 3.2";
			developmentRegion = English;
			hasScannedForEncodings = 0;
			knownRegions = (
				en,
				Base,
			);
			mainGroup = 78634A171A41970B00CFCE23;
			productRefGroup = 78634A211A41970B00CFCE23 /* Products */;
			projectDirPath = "";
			projectRoot = "";
			targets = (
				78634A1F1A41970B00CFCE23 /* HamburgerSlider */,
				78634A381A41970B00CFCE23 /* HamburgerSliderTests */,
			);
		};
/* End PBXProject section */

/* Begin PBXResourcesBuildPhase section */
		78634A1E1A41970B00CFCE23 /* Resources */ = {
			isa = PBXResourcesBuildPhase;
			buildActionMask = 2147483647;
			files = (
				78634A311A41970B00CFCE23 /* Images.xcassets in Resources */,
			);
			runOnlyForDeploymentPostprocessing = 0;
		};
		78634A371A41970B00CFCE23 /* Resources */ = {
			isa = PBXResourcesBuildPhase;
			buildActionMask = 2147483647;
			files = (
			);
			runOnlyForDeploymentPostprocessing = 0;
		};
/* End PBXResourcesBuildPhase section */

/* Begin PBXSourcesBuildPhase section */
		78634A1C1A41970B00CFCE23 /* Sources */ = {
			isa = PBXSourcesBuildPhase;
			buildActionMask = 2147483647;
			files = (
				78634A4B1A41973D00CFCE23 /* ZHamburgerSliderViewController.m in Sources */,
				78634A291A41970B00CFCE23 /* AppDelegate.m in Sources */,
				78634A261A41970B00CFCE23 /* main.m in Sources */,
			);
			runOnlyForDeploymentPostprocessing = 0;
		};
		78634A351A41970B00CFCE23 /* Sources */ = {
			isa = PBXSourcesBuildPhase;
			buildActionMask = 2147483647;
			files = (
				78634A401A41970B00CFCE23 /* HamburgerSliderTests.m in Sources */,
			);
			runOnlyForDeploymentPostprocessing = 0;
		};
/* End PBXSourcesBuildPhase section */

/* Begin PBXTargetDependency section */
		78634A3B1A41970B00CFCE23 /* PBXTargetDependency */ = {
			isa = PBXTargetDependency;
			target = 78634A1F1A41970B00CFCE23 /* HamburgerSlider */;
			targetProxy = 78634A3A1A41970B00CFCE23 /* PBXContainerItemProxy */;
		};
/* End PBXTargetDependency section */

/* Begin XCBuildConfiguration section */
		78634A411A41970B00CFCE23 /* Debug */ = {
			isa = XCBuildConfiguration;
			buildSettings = {
				ALWAYS_SEARCH_USER_PATHS = NO;
				CLANG_CXX_LANGUAGE_STANDARD = "gnu++0x";
				CLANG_CXX_LIBRARY = "libc++";
				CLANG_ENABLE_MODULES = YES;
				CLANG_ENABLE_OBJC_ARC = YES;
				CLANG_WARN_BOOL_CONVERSION = YES;
				CLANG_WARN_CONSTANT_CONVERSION = YES;
				CLANG_WARN_DIRECT_OBJC_ISA_USAGE = YES_ERROR;
				CLANG_WARN_EMPTY_BODY = YES;
				CLANG_WARN_ENUM_CONVERSION = YES;
				CLANG_WARN_INT_CONVERSION = YES;
				CLANG_WARN_OBJC_ROOT_CLASS = YES_ERROR;
				CLANG_WARN_UNREACHABLE_CODE = YES;
				CLANG_WARN__DUPLICATE_METHOD_MATCH = YES;
				"CODE_SIGN_IDENTITY[sdk=iphoneos*]" = "iPhone Developer";
				COPY_PHASE_STRIP = NO;
				ENABLE_STRICT_OBJC_MSGSEND = YES;
				GCC_C_LANGUAGE_STANDARD = gnu99;
				GCC_DYNAMIC_NO_PIC = NO;
				GCC_OPTIMIZATION_LEVEL = 0;
				GCC_PREPROCESSOR_DEFINITIONS = (
					"DEBUG=1",
					"$(inherited)",
				);
				GCC_SYMBOLS_PRIVATE_EXTERN = NO;
				GCC_WARN_64_TO_32_BIT_CONVERSION = YES;
				GCC_WARN_ABOUT_RETURN_TYPE = YES_ERROR;
				GCC_WARN_UNDECLARED_SELECTOR = YES;
				GCC_WARN_UNINITIALIZED_AUTOS = YES_AGGRESSIVE;
				GCC_WARN_UNUSED_FUNCTION = YES;
				GCC_WARN_UNUSED_VARIABLE = YES;
				IPHONEOS_DEPLOYMENT_TARGET = 8.1;
				MTL_ENABLE_DEBUG_INFO = YES;
				ONLY_ACTIVE_ARCH = YES;
				SDKROOT = iphoneos;
			};
			name = Debug;
		};
		78634A421A41970B00CFCE23 /* Release */ = {
			isa = XCBuildConfiguration;
			buildSettings = {
				ALWAYS_SEARCH_USER_PATHS = NO;
				CLANG_CXX_LANGUAGE_STANDARD = "gnu++0x";
				CLANG_CXX_LIBRARY = "libc++";
				CLANG_ENABLE_MODULES = YES;
				CLANG_ENABLE_OBJC_ARC = YES;
				CLANG_WARN_BOOL_CONVERSION = YES;
				CLANG_WARN_CONSTANT_CONVERSION = YES;
				CLANG_WARN_DIRECT_OBJC_ISA_USAGE = YES_ERROR;
				CLANG_WARN_EMPTY_BODY = YES;
				CLANG_WARN_ENUM_CONVERSION = YES;
				CLANG_WARN_INT_CONVERSION = YES;
				CLANG_WARN_OBJC_ROOT_CLASS = YES_ERROR;
				CLANG_WARN_UNREACHABLE_CODE = YES;
				CLANG_WARN__DUPLICATE_METHOD_MATCH = YES;
				"CODE_SIGN_IDENTITY[sdk=iphoneos*]" = "iPhone Developer";
				COPY_PHASE_STRIP = YES;
				ENABLE_NS_ASSERTIONS = NO;
				ENABLE_STRICT_OBJC_MSGSEND = YES;
				GCC_C_LANGUAGE_STANDARD = gnu99;
				GCC_WARN_64_TO_32_BIT_CONVERSION = YES;
				GCC_WARN_ABOUT_RETURN_TYPE = YES_ERROR;
				GCC_WARN_UNDECLARED_SELECTOR = YES;
				GCC_WARN_UNINITIALIZED_AUTOS = YES_AGGRESSIVE;
				GCC_WARN_UNUSED_FUNCTION = YES;
				GCC_WARN_UNUSED_VARIABLE = YES;
				IPHONEOS_DEPLOYMENT_TARGET = 8.1;
				MTL_ENABLE_DEBUG_INFO = NO;
				SDKROOT = iphoneos;
				VALIDATE_PRODUCT = YES;
			};
			name = Release;
		};
		78634A441A41970B00CFCE23 /* Debug */ = {
			isa = XCBuildConfiguration;
			buildSettings = {
				ASSETCATALOG_COMPILER_APPICON_NAME = AppIcon;
				ASSETCATALOG_COMPILER_LAUNCHIMAGE_NAME = LaunchImage;
				INFOPLIST_FILE = HamburgerSlider/Info.plist;
				LD_RUNPATH_SEARCH_PATHS = "$(inherited) @executable_path/Frameworks";
				PRODUCT_NAME = "$(TARGET_NAME)";
			};
			name = Debug;
		};
		78634A451A41970B00CFCE23 /* Release */ = {
			isa = XCBuildConfiguration;
			buildSettings = {
				ASSETCATALOG_COMPILER_APPICON_NAME = AppIcon;
				ASSETCATALOG_COMPILER_LAUNCHIMAGE_NAME = LaunchImage;
				INFOPLIST_FILE = HamburgerSlider/Info.plist;
				LD_RUNPATH_SEARCH_PATHS = "$(inherited) @executable_path/Frameworks";
				PRODUCT_NAME = "$(TARGET_NAME)";
			};
			name = Release;
		};
		78634A471A41970B00CFCE23 /* Debug */ = {
			isa = XCBuildConfiguration;
			buildSettings = {
				BUNDLE_LOADER = "$(TEST_HOST)";
				FRAMEWORK_SEARCH_PATHS = (
					"$(SDKROOT)/Developer/Library/Frameworks",
					"$(inherited)",
				);
				GCC_PREPROCESSOR_DEFINITIONS = (
					"DEBUG=1",
					"$(inherited)",
				);
				INFOPLIST_FILE = HamburgerSliderTests/Info.plist;
				LD_RUNPATH_SEARCH_PATHS = "$(inherited) @executable_path/Frameworks @loader_path/Frameworks";
				PRODUCT_NAME = "$(TARGET_NAME)";
				TEST_HOST = "$(BUILT_PRODUCTS_DIR)/HamburgerSlider.app/HamburgerSlider";
			};
			name = Debug;
		};
		78634A481A41970B00CFCE23 /* Release */ = {
			isa = XCBuildConfiguration;
			buildSettings = {
				BUNDLE_LOADER = "$(TEST_HOST)";
				FRAMEWORK_SEARCH_PATHS = (
					"$(SDKROOT)/Developer/Library/Frameworks",
					"$(inherited)",
				);
				INFOPLIST_FILE = HamburgerSliderTests/Info.plist;
				LD_RUNPATH_SEARCH_PATHS = "$(inherited) @executable_path/Frameworks @loader_path/Frameworks";
				PRODUCT_NAME = "$(TARGET_NAME)";
				TEST_HOST = "$(BUILT_PRODUCTS_DIR)/HamburgerSlider.app/HamburgerSlider";
			};
			name = Release;
		};
/* End XCBuildConfiguration section */

/* Begin XCConfigurationList section */
		78634A1B1A41970B00CFCE23 /* Build configuration list for PBXProject "HamburgerSlider" */ = {
			isa = XCConfigurationList;
			buildConfigurations = (
				78634A411A41970B00CFCE23 /* Debug */,
				78634A421A41970B00CFCE23 /* Release */,
			);
			defaultConfigurationIsVisible = 0;
			defaultConfigurationName = Release;
		};
		78634A431A41970B00CFCE23 /* Build configuration list for PBXNativeTarget "HamburgerSlider" */ = {
			isa = XCConfigurationList;
			buildConfigurations = (
				78634A441A41970B00CFCE23 /* Debug */,
				78634A451A41970B00CFCE23 /* Release */,
			);
			defaultConfigurationIsVisible = 0;
		};
		78634A461A41970B00CFCE23 /* Build configuration list for PBXNativeTarget "HamburgerSliderTests" */ = {
			isa = XCConfigurationList;
			buildConfigurations = (
				78634A471A41970B00CFCE23 /* Debug */,
				78634A481A41970B00CFCE23 /* Release */,
			);
			defaultConfigurationIsVisible = 0;
		};
/* End XCConfigurationList section */
	};
	rootObject = 78634A181A41970B00CFCE23 /* Project object */;
}
